{
	"name": "@igor.dvlpr/vscode-folderpicker",
	"version": "2.3.3",
	"lockfileVersion": 2,
	"requires": true,
	"packages": {
		"": {
			"name": "@igor.dvlpr/vscode-folderpicker",
			"version": "2.3.3",
			"license": "MIT",
			"dependencies": {
				"@igor.dvlpr/is-rootdir": "^2.1.1",
				"@igor.dvlpr/pathexists": "^2.1.1",
				"@igor.dvlpr/recursive-readdir": "^2.1.1",
				"@igor.dvlpr/upath": "^2.1.1",
				"@igor.dvlpr/valid-path": "^2.2.0",
				"@igor.dvlpr/zep": "^5.0.1"
			},
			"devDependencies": {
				"@types/node": "^16.0.0",
				"@types/vscode": "^1.66.0",
				"typescript": "^4.6.3"
			}
		},
		"node_modules/@igor.dvlpr/chars-in-string": {
			"version": "2.1.0",
			"resolved": "https://registry.npmjs.org/@igor.dvlpr/chars-in-string/-/chars-in-string-2.1.0.tgz",
			"integrity": "sha512-XBIw6dkw14e6ZVdGDfDgPPMecWOqn/HjdHN0bW6YvISxzqIY/JEZ7U8ATWpgeElqAsdw3iHwc1+JqgNG6yIWcw==",
			"engines": {
				"node": ">=12.17"
			}
		},
		"node_modules/@igor.dvlpr/is-rootdir": {
			"version": "2.1.1",
			"resolved": "https://registry.npmjs.org/@igor.dvlpr/is-rootdir/-/is-rootdir-2.1.1.tgz",
			"integrity": "sha512-fDIYhFfNfMx2CmgdeKeOsp8Pfe+6V4V5QLLKA7NWSsZMy0Q5LmTB9mIIkP6hLgVd8b1tP1PPLzPTJu2agqqZEw==",
			"dependencies": {
				"@igor.dvlpr/upath": "^2.1.1"
			},
			"engines": {
				"node": ">=12.17"
			}
		},
		"node_modules/@igor.dvlpr/pathexists": {
			"version": "2.1.1",
			"resolved": "https://registry.npmjs.org/@igor.dvlpr/pathexists/-/pathexists-2.1.1.tgz",
			"integrity": "sha512-onnQGSY7wx5rlVqjK3i84ktr0Cku2Qwi7pxMe8FhKPEHE0lV+wAIFrYS3/mG8cXZOPF//hghcRswqRjQK0sT7Q==",
			"dependencies": {
				"@igor.dvlpr/str-is-in": "^2.1.1"
			},
			"engines": {
				"node": ">=12.17"
			}
		},
		"node_modules/@igor.dvlpr/recursive-readdir": {
			"version": "2.1.1",
			"resolved": "https://registry.npmjs.org/@igor.dvlpr/recursive-readdir/-/recursive-readdir-2.1.1.tgz",
			"integrity": "sha512-klokFlwvTO3QukplpVZSen3qXEgC1XvZ/59haGXtQDjslGhDC6ltSVxLT2u6Grf9aT+3eXOpwJv4bSvAhzph8Q==",
			"dependencies": {
				"@igor.dvlpr/upath": "^2.1.1"
			},
			"engines": {
				"node": ">=12.17"
			}
		},
		"node_modules/@igor.dvlpr/str-is-in": {
			"version": "2.2.0",
			"resolved": "https://registry.npmjs.org/@igor.dvlpr/str-is-in/-/str-is-in-2.2.0.tgz",
			"integrity": "sha512-2fn6Yn3+2JtIvl2t7G/+f+5bebshvcUBPqOfGqBdqPVadYXcUGt8mSRSwnEC19inOhG3b+PYk1Be0CWUCULgGA==",
			"engines": {
				"node": ">=12.17"
			}
		},
		"node_modules/@igor.dvlpr/unc-path": {
			"version": "2.1.0",
			"resolved": "https://registry.npmjs.org/@igor.dvlpr/unc-path/-/unc-path-2.1.0.tgz",
			"integrity": "sha512-g1kgOWYDzBngGZn35VKRPqHcv+YRsJAv2Y3Qbllr5I/RkEbvxuJ2rr7xwrGcw2KWJb/hSHs0iYgp04RPWKf3fg==",
			"engines": {
				"node": ">=12.17"
			}
		},
		"node_modules/@igor.dvlpr/upath": {
			"version": "2.1.1",
			"resolved": "https://registry.npmjs.org/@igor.dvlpr/upath/-/upath-2.1.1.tgz",
			"integrity": "sha512-gPOTSAkY/+v4pW+2Drx1qLtjYtnBitODpVDahIJU+eeYpA+RJkuTo6eg/6hOfUAEIL9Z1pELNZ/gt0yKvUmYyg==",
			"dependencies": {
				"@igor.dvlpr/unc-path": "^2.1.0"
			},
			"engines": {
				"node": ">=12.17"
			}
		},
		"node_modules/@igor.dvlpr/valid-path": {
			"version": "2.2.0",
			"resolved": "https://registry.npmjs.org/@igor.dvlpr/valid-path/-/valid-path-2.2.0.tgz",
			"integrity": "sha512-Malw4S/GKRWHgvLBrWQ3QXDHz9IOmaI+azYeoyV0+i5RGxDndiH5aezI5J3jhvtNxdLkGlP6Rxj9lLRso+Oxwg==",
			"dependencies": {
				"@igor.dvlpr/chars-in-string": "^2.1.0",
				"@igor.dvlpr/upath": "^2.1.1",
				"@igor.dvlpr/windev": "^1.2.1"
			},
			"engines": {
				"node": ">=12.17"
			}
		},
		"node_modules/@igor.dvlpr/windev": {
			"version": "1.2.1",
			"resolved": "https://registry.npmjs.org/@igor.dvlpr/windev/-/windev-1.2.1.tgz",
			"integrity": "sha512-rM7+hmoyg2xnO5ksuiYta2YcqBwZNPCys3pFdDsDcPaevofUPuFX9a7AlWhVzAJWAadHRmmbXCe5mRz6WTGt9w=="
		},
		"node_modules/@igor.dvlpr/zep": {
			"version": "5.0.1",
			"resolved": "https://registry.npmjs.org/@igor.dvlpr/zep/-/zep-5.0.1.tgz",
			"integrity": "sha512-NSErmfzvt62V2oiIi7t8A8VxedNOVhNzSw0gXm8Pg51qm3GlfF/qBbe3u646/T2GAdz6yw84a6veTbSUdaWb7g==",
			"engines": {
				"node": ">=12.17"
			}
		},
		"node_modules/@types/node": {
			"version": "16.4.3",
			"resolved": "https://registry.npmjs.org/@types/node/-/node-16.4.3.tgz",
			"integrity": "sha512-GKM4FLMkWDc0sfx7tXqPWkM6NBow1kge0fgQh0bOnlqo4iT1kvTvMEKE0c1RtUGnbLlGRXiAA8SumE//90uKAg==",
			"dev": true
		},
		"node_modules/@types/vscode": {
			"version": "1.66.0",
			"resolved": "https://registry.npmjs.org/@types/vscode/-/vscode-1.66.0.tgz",
			"integrity": "sha512-ZfJck4M7nrGasfs4A4YbUoxis3Vu24cETw3DERsNYtDZmYSYtk6ljKexKFKhImO/ZmY6ZMsmegu2FPkXoUFImA==",
			"dev": true
		},
		"node_modules/typescript": {
			"version": "4.6.3",
			"resolved": "https://registry.npmjs.org/typescript/-/typescript-4.6.3.tgz",
			"integrity": "sha512-yNIatDa5iaofVozS/uQJEl3JRWLKKGJKh6Yaiv0GLGSuhpFJe7P3SbHZ8/yjAHRQwKRoA6YZqlfjXWmVzoVSMw==",
			"dev": true,
			"bin": {
				"tsc": "bin/tsc",
				"tsserver": "bin/tsserver"
			},
			"engines": {
				"node": ">=4.2.0"
			}
		}
	},
	"dependencies": {
		"@igor.dvlpr/chars-in-string": {
			"version": "2.1.0",
			"resolved": "https://registry.npmjs.org/@igor.dvlpr/chars-in-string/-/chars-in-string-2.1.0.tgz",
			"integrity": "sha512-XBIw6dkw14e6ZVdGDfDgPPMecWOqn/HjdHN0bW6YvISxzqIY/JEZ7U8ATWpgeElqAsdw3iHwc1+JqgNG6yIWcw=="
		},
		"@igor.dvlpr/is-rootdir": {
			"version": "2.1.1",
			"resolved": "https://registry.npmjs.org/@igor.dvlpr/is-rootdir/-/is-rootdir-2.1.1.tgz",
			"integrity": "sha512-fDIYhFfNfMx2CmgdeKeOsp8Pfe+6V4V5QLLKA7NWSsZMy0Q5LmTB9mIIkP6hLgVd8b1tP1PPLzPTJu2agqqZEw==",
			"requires": {
				"@igor.dvlpr/upath": "^2.1.1"
			}
		},
		"@igor.dvlpr/pathexists": {
			"version": "2.1.1",
			"resolved": "https://registry.npmjs.org/@igor.dvlpr/pathexists/-/pathexists-2.1.1.tgz",
			"integrity": "sha512-onnQGSY7wx5rlVqjK3i84ktr0Cku2Qwi7pxMe8FhKPEHE0lV+wAIFrYS3/mG8cXZOPF//hghcRswqRjQK0sT7Q==",
			"requires": {
				"@igor.dvlpr/str-is-in": "^2.1.1"
			}
		},
		"@igor.dvlpr/recursive-readdir": {
			"version": "2.1.1",
			"resolved": "https://registry.npmjs.org/@igor.dvlpr/recursive-readdir/-/recursive-readdir-2.1.1.tgz",
			"integrity": "sha512-klokFlwvTO3QukplpVZSen3qXEgC1XvZ/59haGXtQDjslGhDC6ltSVxLT2u6Grf9aT+3eXOpwJv4bSvAhzph8Q==",
			"requires": {
				"@igor.dvlpr/upath": "^2.1.1"
			}
		},
		"@igor.dvlpr/str-is-in": {
			"version": "2.2.0",
			"resolved": "https://registry.npmjs.org/@igor.dvlpr/str-is-in/-/str-is-in-2.2.0.tgz",
			"integrity": "sha512-2fn6Yn3+2JtIvl2t7G/+f+5bebshvcUBPqOfGqBdqPVadYXcUGt8mSRSwnEC19inOhG3b+PYk1Be0CWUCULgGA=="
		},
		"@igor.dvlpr/unc-path": {
			"version": "2.1.0",
			"resolved": "https://registry.npmjs.org/@igor.dvlpr/unc-path/-/unc-path-2.1.0.tgz",
			"integrity": "sha512-g1kgOWYDzBngGZn35VKRPqHcv+YRsJAv2Y3Qbllr5I/RkEbvxuJ2rr7xwrGcw2KWJb/hSHs0iYgp04RPWKf3fg=="
		},
		"@igor.dvlpr/upath": {
			"version": "2.1.1",
			"resolved": "https://registry.npmjs.org/@igor.dvlpr/upath/-/upath-2.1.1.tgz",
			"integrity": "sha512-gPOTSAkY/+v4pW+2Drx1qLtjYtnBitODpVDahIJU+eeYpA+RJkuTo6eg/6hOfUAEIL9Z1pELNZ/gt0yKvUmYyg==",
			"requires": {
				"@igor.dvlpr/unc-path": "^2.1.0"
			}
		},
		"@igor.dvlpr/valid-path": {
			"version": "2.2.0",
			"resolved": "https://registry.npmjs.org/@igor.dvlpr/valid-path/-/valid-path-2.2.0.tgz",
			"integrity": "sha512-Malw4S/GKRWHgvLBrWQ3QXDHz9IOmaI+azYeoyV0+i5RGxDndiH5aezI5J3jhvtNxdLkGlP6Rxj9lLRso+Oxwg==",
			"requires": {
				"@igor.dvlpr/chars-in-string": "^2.1.0",
				"@igor.dvlpr/upath": "^2.1.1",
				"@igor.dvlpr/windev": "^1.2.1"
			}
		},
		"@igor.dvlpr/windev": {
			"version": "1.2.1",
			"resolved": "https://registry.npmjs.org/@igor.dvlpr/windev/-/windev-1.2.1.tgz",
			"integrity": "sha512-rM7+hmoyg2xnO5ksuiYta2YcqBwZNPCys3pFdDsDcPaevofUPuFX9a7AlWhVzAJWAadHRmmbXCe5mRz6WTGt9w=="
		},
		"@igor.dvlpr/zep": {
			"version": "5.0.1",
			"resolved": "https://registry.npmjs.org/@igor.dvlpr/zep/-/zep-5.0.1.tgz",
			"integrity": "sha512-NSErmfzvt62V2oiIi7t8A8VxedNOVhNzSw0gXm8Pg51qm3GlfF/qBbe3u646/T2GAdz6yw84a6veTbSUdaWb7g=="
		},
		"@types/node": {
			"version": "16.4.3",
			"resolved": "https://registry.npmjs.org/@types/node/-/node-16.4.3.tgz",
			"integrity": "sha512-GKM4FLMkWDc0sfx7tXqPWkM6NBow1kge0fgQh0bOnlqo4iT1kvTvMEKE0c1RtUGnbLlGRXiAA8SumE//90uKAg==",
			"dev": true
		},
		"@types/vscode": {
			"version": "1.66.0",
			"resolved": "https://registry.npmjs.org/@types/vscode/-/vscode-1.66.0.tgz",
			"integrity": "sha512-ZfJck4M7nrGasfs4A4YbUoxis3Vu24cETw3DERsNYtDZmYSYtk6ljKexKFKhImO/ZmY6ZMsmegu2FPkXoUFImA==",
			"dev": true
		},
		"typescript": {
			"version": "4.6.3",
			"resolved": "https://registry.npmjs.org/typescript/-/typescript-4.6.3.tgz",
			"integrity": "sha512-yNIatDa5iaofVozS/uQJEl3JRWLKKGJKh6Yaiv0GLGSuhpFJe7P3SbHZ8/yjAHRQwKRoA6YZqlfjXWmVzoVSMw==",
			"dev": true
		}
	}
}
